
Microsoft Visual Studio Solution File, Format Version 12.00
# Visual Studio Version 16
VisualStudioVersion = 16.0.30011.22
MinimumVisualStudioVersion = 10.0.40219.1
Project("{9A19103F-16F7-4668-BE54-9A1E7A4F7556}") = "BlazorServerCRUDSample.Server", "BlazorServerCRUDSample.Server\BlazorServerCRUDSample.Server.csproj", "{C37AF8EB-C1A9-416C-9B11-15A1EDFE294F}"
EndProject
Project("{9A19103F-16F7-4668-BE54-9A1E7A4F7556}") = "BlazorServerCRUDSample.Shared", "BlazorServerCRUDSample.Shared\BlazorServerCRUDSample.Shared.csproj", "{A754D88F-6AEB-49DF-A924-B201662ADD2C}"
EndProject
Project("{9A19103F-16F7-4668-BE54-9A1E7A4F7556}") = "BlazorServerCRUDSample.Client", "BlazorServerCRUDSample.Client\BlazorServerCRUDSample.Client.csproj", "{B58805B1-1B0E-4A3E-B4A8-ED4C13FEA5C1}"
EndProject
Global
	GlobalSection(SolutionConfigurationPlatforms) = preSolution
		Debug|Any CPU = Debug|Any CPU
		Release|Any CPU = Release|Any CPU
	EndGlobalSection
	GlobalSection(ProjectConfigurationPlatforms) = postSolution
		{C37AF8EB-C1A9-416C-9B11-15A1EDFE294F}.Debug|Any CPU.ActiveCfg = Debug|Any CPU
		{C37AF8EB-C1A9-416C-9B11-15A1EDFE294F}.Debug|Any CPU.Build.0 = Debug|Any CPU
		{C37AF8EB-C1A9-416C-9B11-15A1EDFE294F}.Release|Any CPU.ActiveCfg = Release|Any CPU
		{C37AF8EB-C1A9-416C-9B11-15A1EDFE294F}.Release|Any CPU.Build.0 = Release|Any CPU
		{A754D88F-6AEB-49DF-A924-B201662ADD2C}.Debug|Any CPU.ActiveCfg = Debug|Any CPU
		{A754D88F-6AEB-49DF-A924-B201662ADD2C}.Debug|Any CPU.Build.0 = Debug|Any CPU
		{A754D88F-6AEB-49DF-A924-B201662ADD2C}.Release|Any CPU.ActiveCfg = Release|Any CPU
		{A754D88F-6AEB-49DF-A924-B201662ADD2C}.Release|Any CPU.Build.0 = Release|Any CPU
		{B58805B1-1B0E-4A3E-B4A8-ED4C13FEA5C1}.Debug|Any CPU.ActiveCfg = Debug|Any CPU
		{B58805B1-1B0E-4A3E-B4A8-ED4C13FEA5C1}.Debug|Any CPU.Build.0 = Debug|Any CPU
		{B58805B1-1B0E-4A3E-B4A8-ED4C13FEA5C1}.Release|Any CPU.ActiveCfg = Release|Any CPU
		{B58805B1-1B0E-4A3E-B4A8-ED4C13FEA5C1}.Release|Any CPU.Build.0 = Release|Any CPU
	EndGlobalSection
	GlobalSection(SolutionProperties) = preSolution
		HideSolutionNode = FALSE
	EndGlobalSection
	GlobalSection(ExtensibilityGlobals) = postSolution
		SolutionGuid = {833173D9-044E-4A1E-9E3D-9996F709EBD2}
	EndGlobalSection
EndGlobal
